// !$*UTF8*$!
{
	archiveVersion = 1;
	classes = {
	};
	objectVersion = 56;
	objects = {

/* Begin PBXBuildFile section */
		4C4BECF9EC1FE10CD28BC8A5 /* Pods_RacingGame.framework in Frameworks */ = {isa = PBXBuildFile; fileRef = 3FC113ACBCD3F0767BA2420E /* Pods_RacingGame.framework */; };
		DB0A169A2B9C650300562364 /* ImageStorage.swift in Sources */ = {isa = PBXBuildFile; fileRef = DB0A16992B9C650300562364 /* ImageStorage.swift */; };
		DB320F5E2B98AD5400FF7237 /* LocalStorage.swift in Sources */ = {isa = PBXBuildFile; fileRef = DB320F5D2B98AD5400FF7237 /* LocalStorage.swift */; };
		DB5554232B8FA0080017DA7F /* SettingModel.swift in Sources */ = {isa = PBXBuildFile; fileRef = DB5554222B8FA0080017DA7F /* SettingModel.swift */; };
		DB5554252B8FAA790017DA7F /* SettingAssembly.swift in Sources */ = {isa = PBXBuildFile; fileRef = DB5554242B8FAA790017DA7F /* SettingAssembly.swift */; };
		DBA0E6B02B8377EA003CF733 /* AppDelegate.swift in Sources */ = {isa = PBXBuildFile; fileRef = DBA0E6AF2B8377EA003CF733 /* AppDelegate.swift */; };
		DBA0E6B22B8377EA003CF733 /* SceneDelegate.swift in Sources */ = {isa = PBXBuildFile; fileRef = DBA0E6B12B8377EA003CF733 /* SceneDelegate.swift */; };
		DBA0E6B42B8377EA003CF733 /* LaunchScreenController.swift in Sources */ = {isa = PBXBuildFile; fileRef = DBA0E6B32B8377EA003CF733 /* LaunchScreenController.swift */; };
		DBA0E6B92B8377EB003CF733 /* Assets.xcassets in Resources */ = {isa = PBXBuildFile; fileRef = DBA0E6B82B8377EB003CF733 /* Assets.xcassets */; };
		DBA0E6BC2B8377EB003CF733 /* LaunchScreen.storyboard in Resources */ = {isa = PBXBuildFile; fileRef = DBA0E6BA2B8377EB003CF733 /* LaunchScreen.storyboard */; };
		DBA3650E2B9E0C39004B9AF0 /* SettingSelectView.swift in Sources */ = {isa = PBXBuildFile; fileRef = DBA3650D2B9E0C39004B9AF0 /* SettingSelectView.swift */; };
		DBA365112B9F398F004B9AF0 /* UserSetting.swift in Sources */ = {isa = PBXBuildFile; fileRef = DBA365102B9F398F004B9AF0 /* UserSetting.swift */; };
		DBC1A6432B83B31D00B75E3C /* StartViewController.swift in Sources */ = {isa = PBXBuildFile; fileRef = DBC1A6422B83B31D00B75E3C /* StartViewController.swift */; };
		DBC1A6482B83C7C000B75E3C /* StartSceneButton.swift in Sources */ = {isa = PBXBuildFile; fileRef = DBC1A6472B83C7C000B75E3C /* StartSceneButton.swift */; };
		DBC1A64D2B83E02700B75E3C /* Constant.swift in Sources */ = {isa = PBXBuildFile; fileRef = DBC1A64C2B83E02700B75E3C /* Constant.swift */; };
		DBC1A6602B83EE4A00B75E3C /* Formula1-Regular.otf in Resources */ = {isa = PBXBuildFile; fileRef = DBC1A65F2B83EE4900B75E3C /* Formula1-Regular.otf */; };
		DBC1A6672B84C01600B75E3C /* GameplayViewController.swift in Sources */ = {isa = PBXBuildFile; fileRef = DBC1A6662B84C01600B75E3C /* GameplayViewController.swift */; };
		DBC1A66A2B84C4D300B75E3C /* Extension+UIView.swift in Sources */ = {isa = PBXBuildFile; fileRef = DBC1A6692B84C4D300B75E3C /* Extension+UIView.swift */; };
		DBC1A66C2B84CBA000B75E3C /* GameSceneButton.swift in Sources */ = {isa = PBXBuildFile; fileRef = DBC1A66B2B84CBA000B75E3C /* GameSceneButton.swift */; };
		DBCE8D872B8D133600F19D3D /* RecordController.swift in Sources */ = {isa = PBXBuildFile; fileRef = DBCE8D862B8D133600F19D3D /* RecordController.swift */; };
		DBCE8D892B8D15A800F19D3D /* RecordCell.swift in Sources */ = {isa = PBXBuildFile; fileRef = DBCE8D882B8D15A800F19D3D /* RecordCell.swift */; };
		DBCE8D8C2B8D238500F19D3D /* SettingViewController.swift in Sources */ = {isa = PBXBuildFile; fileRef = DBCE8D8B2B8D238500F19D3D /* SettingViewController.swift */; };
		DBCE8D8E2B8DF6A500F19D3D /* SettingPresenter.swift in Sources */ = {isa = PBXBuildFile; fileRef = DBCE8D8D2B8DF6A500F19D3D /* SettingPresenter.swift */; };
		DBD15D3C2BA38EB900D89CEA /* Settings.swift in Sources */ = {isa = PBXBuildFile; fileRef = DBD15D3B2BA38EB900D89CEA /* Settings.swift */; };
		DBD15D3F2BA3940900D89CEA /* TimerCustom.swift in Sources */ = {isa = PBXBuildFile; fileRef = DBD15D3E2BA3940900D89CEA /* TimerCustom.swift */; };
		DBD15D412BA394BE00D89CEA /* GameplayCustom.swift in Sources */ = {isa = PBXBuildFile; fileRef = DBD15D402BA394BE00D89CEA /* GameplayCustom.swift */; };
		DBD15D432BA397C700D89CEA /* BaseGameModel.swift in Sources */ = {isa = PBXBuildFile; fileRef = DBD15D422BA397C700D89CEA /* BaseGameModel.swift */; };
		DBF3C6DC2BA733FF00FDCAEE /* GameplayPresenter.swift in Sources */ = {isa = PBXBuildFile; fileRef = DBF3C6DB2BA733FF00FDCAEE /* GameplayPresenter.swift */; };
		DBF3C6DE2BA7342D00FDCAEE /* GameplayAssembly.swift in Sources */ = {isa = PBXBuildFile; fileRef = DBF3C6DD2BA7342D00FDCAEE /* GameplayAssembly.swift */; };
		DBF3C6E02BA77CE600FDCAEE /* RecordPresenter.swift in Sources */ = {isa = PBXBuildFile; fileRef = DBF3C6DF2BA77CE600FDCAEE /* RecordPresenter.swift */; };
		DBF3C6E22BA77CF500FDCAEE /* RecordAssembly.swift in Sources */ = {isa = PBXBuildFile; fileRef = DBF3C6E12BA77CF500FDCAEE /* RecordAssembly.swift */; };
		DBF3C6EA2BA8669900FDCAEE /* StartPresenter.swift in Sources */ = {isa = PBXBuildFile; fileRef = DBF3C6E92BA8669900FDCAEE /* StartPresenter.swift */; };
		DBF3C6EC2BA866AC00FDCAEE /* StartAssembly.swift in Sources */ = {isa = PBXBuildFile; fileRef = DBF3C6EB2BA866AC00FDCAEE /* StartAssembly.swift */; };
		DBF3C7062BA9978B00FDCAEE /* Extansion+Array.swift in Sources */ = {isa = PBXBuildFile; fileRef = DBF3C7052BA9978B00FDCAEE /* Extansion+Array.swift */; };
/* End PBXBuildFile section */

/* Begin PBXFileReference section */
		0049525BA2BC5B136DFB45AB /* Pods-RacingGame.release.xcconfig */ = {isa = PBXFileReference; includeInIndex = 1; lastKnownFileType = text.xcconfig; name = "Pods-RacingGame.release.xcconfig"; path = "Target Support Files/Pods-RacingGame/Pods-RacingGame.release.xcconfig"; sourceTree = "<group>"; };
		3FC113ACBCD3F0767BA2420E /* Pods_RacingGame.framework */ = {isa = PBXFileReference; explicitFileType = wrapper.framework; includeInIndex = 0; path = Pods_RacingGame.framework; sourceTree = BUILT_PRODUCTS_DIR; };
		67A375B4637D174F06052B33 /* Pods-RacingGame.debug.xcconfig */ = {isa = PBXFileReference; includeInIndex = 1; lastKnownFileType = text.xcconfig; name = "Pods-RacingGame.debug.xcconfig"; path = "Target Support Files/Pods-RacingGame/Pods-RacingGame.debug.xcconfig"; sourceTree = "<group>"; };
		DB0A16992B9C650300562364 /* ImageStorage.swift */ = {isa = PBXFileReference; lastKnownFileType = sourcecode.swift; path = ImageStorage.swift; sourceTree = "<group>"; };
		DB320F5D2B98AD5400FF7237 /* LocalStorage.swift */ = {isa = PBXFileReference; lastKnownFileType = sourcecode.swift; path = LocalStorage.swift; sourceTree = "<group>"; };
		DB5554222B8FA0080017DA7F /* SettingModel.swift */ = {isa = PBXFileReference; lastKnownFileType = sourcecode.swift; path = SettingModel.swift; sourceTree = "<group>"; };
		DB5554242B8FAA790017DA7F /* SettingAssembly.swift */ = {isa = PBXFileReference; lastKnownFileType = sourcecode.swift; path = SettingAssembly.swift; sourceTree = "<group>"; };
		DBA0E6AC2B8377EA003CF733 /* RacingGame.app */ = {isa = PBXFileReference; explicitFileType = wrapper.application; includeInIndex = 0; path = RacingGame.app; sourceTree = BUILT_PRODUCTS_DIR; };
		DBA0E6AF2B8377EA003CF733 /* AppDelegate.swift */ = {isa = PBXFileReference; lastKnownFileType = sourcecode.swift; path = AppDelegate.swift; sourceTree = "<group>"; };
		DBA0E6B12B8377EA003CF733 /* SceneDelegate.swift */ = {isa = PBXFileReference; lastKnownFileType = sourcecode.swift; path = SceneDelegate.swift; sourceTree = "<group>"; };
		DBA0E6B32B8377EA003CF733 /* LaunchScreenController.swift */ = {isa = PBXFileReference; lastKnownFileType = sourcecode.swift; path = LaunchScreenController.swift; sourceTree = "<group>"; };
		DBA0E6B82B8377EB003CF733 /* Assets.xcassets */ = {isa = PBXFileReference; lastKnownFileType = folder.assetcatalog; path = Assets.xcassets; sourceTree = "<group>"; };
		DBA0E6BB2B8377EB003CF733 /* Base */ = {isa = PBXFileReference; lastKnownFileType = file.storyboard; name = Base; path = Base.lproj/LaunchScreen.storyboard; sourceTree = "<group>"; };
		DBA0E6BD2B8377EB003CF733 /* Info.plist */ = {isa = PBXFileReference; lastKnownFileType = text.plist.xml; path = Info.plist; sourceTree = "<group>"; };
		DBA3650D2B9E0C39004B9AF0 /* SettingSelectView.swift */ = {isa = PBXFileReference; lastKnownFileType = sourcecode.swift; path = SettingSelectView.swift; sourceTree = "<group>"; };
		DBA365102B9F398F004B9AF0 /* UserSetting.swift */ = {isa = PBXFileReference; lastKnownFileType = sourcecode.swift; path = UserSetting.swift; sourceTree = "<group>"; };
		DBC1A6422B83B31D00B75E3C /* StartViewController.swift */ = {isa = PBXFileReference; lastKnownFileType = sourcecode.swift; path = StartViewController.swift; sourceTree = "<group>"; };
		DBC1A6472B83C7C000B75E3C /* StartSceneButton.swift */ = {isa = PBXFileReference; lastKnownFileType = sourcecode.swift; path = StartSceneButton.swift; sourceTree = "<group>"; };
		DBC1A64C2B83E02700B75E3C /* Constant.swift */ = {isa = PBXFileReference; lastKnownFileType = sourcecode.swift; path = Constant.swift; sourceTree = "<group>"; };
		DBC1A65F2B83EE4900B75E3C /* Formula1-Regular.otf */ = {isa = PBXFileReference; lastKnownFileType = file; path = "Formula1-Regular.otf"; sourceTree = "<group>"; };
		DBC1A6662B84C01600B75E3C /* GameplayViewController.swift */ = {isa = PBXFileReference; lastKnownFileType = sourcecode.swift; path = GameplayViewController.swift; sourceTree = "<group>"; };
		DBC1A6692B84C4D300B75E3C /* Extension+UIView.swift */ = {isa = PBXFileReference; lastKnownFileType = sourcecode.swift; path = "Extension+UIView.swift"; sourceTree = "<group>"; };
		DBC1A66B2B84CBA000B75E3C /* GameSceneButton.swift */ = {isa = PBXFileReference; lastKnownFileType = sourcecode.swift; path = GameSceneButton.swift; sourceTree = "<group>"; };
		DBCE8D862B8D133600F19D3D /* RecordController.swift */ = {isa = PBXFileReference; lastKnownFileType = sourcecode.swift; path = RecordController.swift; sourceTree = "<group>"; };
		DBCE8D882B8D15A800F19D3D /* RecordCell.swift */ = {isa = PBXFileReference; lastKnownFileType = sourcecode.swift; path = RecordCell.swift; sourceTree = "<group>"; };
		DBCE8D8B2B8D238500F19D3D /* SettingViewController.swift */ = {isa = PBXFileReference; lastKnownFileType = sourcecode.swift; path = SettingViewController.swift; sourceTree = "<group>"; };
		DBCE8D8D2B8DF6A500F19D3D /* SettingPresenter.swift */ = {isa = PBXFileReference; lastKnownFileType = sourcecode.swift; path = SettingPresenter.swift; sourceTree = "<group>"; };
		DBD15D3B2BA38EB900D89CEA /* Settings.swift */ = {isa = PBXFileReference; lastKnownFileType = sourcecode.swift; path = Settings.swift; sourceTree = "<group>"; };
		DBD15D3E2BA3940900D89CEA /* TimerCustom.swift */ = {isa = PBXFileReference; lastKnownFileType = sourcecode.swift; path = TimerCustom.swift; sourceTree = "<group>"; };
		DBD15D402BA394BE00D89CEA /* GameplayCustom.swift */ = {isa = PBXFileReference; lastKnownFileType = sourcecode.swift; path = GameplayCustom.swift; sourceTree = "<group>"; };
		DBD15D422BA397C700D89CEA /* BaseGameModel.swift */ = {isa = PBXFileReference; lastKnownFileType = sourcecode.swift; path = BaseGameModel.swift; sourceTree = "<group>"; };
		DBF3C6DB2BA733FF00FDCAEE /* GameplayPresenter.swift */ = {isa = PBXFileReference; lastKnownFileType = sourcecode.swift; path = GameplayPresenter.swift; sourceTree = "<group>"; };
		DBF3C6DD2BA7342D00FDCAEE /* GameplayAssembly.swift */ = {isa = PBXFileReference; lastKnownFileType = sourcecode.swift; path = GameplayAssembly.swift; sourceTree = "<group>"; };
		DBF3C6DF2BA77CE600FDCAEE /* RecordPresenter.swift */ = {isa = PBXFileReference; lastKnownFileType = sourcecode.swift; path = RecordPresenter.swift; sourceTree = "<group>"; };
		DBF3C6E12BA77CF500FDCAEE /* RecordAssembly.swift */ = {isa = PBXFileReference; lastKnownFileType = sourcecode.swift; path = RecordAssembly.swift; sourceTree = "<group>"; };
		DBF3C6E92BA8669900FDCAEE /* StartPresenter.swift */ = {isa = PBXFileReference; lastKnownFileType = sourcecode.swift; path = StartPresenter.swift; sourceTree = "<group>"; };
		DBF3C6EB2BA866AC00FDCAEE /* StartAssembly.swift */ = {isa = PBXFileReference; lastKnownFileType = sourcecode.swift; path = StartAssembly.swift; sourceTree = "<group>"; };
		DBF3C7052BA9978B00FDCAEE /* Extansion+Array.swift */ = {isa = PBXFileReference; lastKnownFileType = sourcecode.swift; path = "Extansion+Array.swift"; sourceTree = "<group>"; };
/* End PBXFileReference section */

/* Begin PBXFrameworksBuildPhase section */
		DBA0E6A92B8377EA003CF733 /* Frameworks */ = {
			isa = PBXFrameworksBuildPhase;
			buildActionMask = 2147483647;
			files = (
				4C4BECF9EC1FE10CD28BC8A5 /* Pods_RacingGame.framework in Frameworks */,
			);
			runOnlyForDeploymentPostprocessing = 0;
		};
/* End PBXFrameworksBuildPhase section */

/* Begin PBXGroup section */
		C13A8690E0D1867AF905BEC2 /* Frameworks */ = {
			isa = PBXGroup;
			children = (
				3FC113ACBCD3F0767BA2420E /* Pods_RacingGame.framework */,
			);
			name = Frameworks;
			sourceTree = "<group>";
		};
		DB0A16982B9C64DC00562364 /* Storages */ = {
			isa = PBXGroup;
			children = (
				DB320F5D2B98AD5400FF7237 /* LocalStorage.swift */,
				DB0A16992B9C650300562364 /* ImageStorage.swift */,
			);
			path = Storages;
			sourceTree = "<group>";
		};
		DB320F5C2B98ACFF00FF7237 /* Services */ = {
			isa = PBXGroup;
			children = (
				DB0A16982B9C64DC00562364 /* Storages */,
			);
			path = Services;
			sourceTree = "<group>";
		};
		DBA0E6A32B8377EA003CF733 = {
			isa = PBXGroup;
			children = (
				DBA0E6AE2B8377EA003CF733 /* RacingGame */,
				DBA0E6AD2B8377EA003CF733 /* Products */,
				EAC39E971F298FBC8A5E60FB /* Pods */,
				C13A8690E0D1867AF905BEC2 /* Frameworks */,
			);
			sourceTree = "<group>";
		};
		DBA0E6AD2B8377EA003CF733 /* Products */ = {
			isa = PBXGroup;
			children = (
				DBA0E6AC2B8377EA003CF733 /* RacingGame.app */,
			);
			name = Products;
			sourceTree = "<group>";
		};
		DBA0E6AE2B8377EA003CF733 /* RacingGame */ = {
			isa = PBXGroup;
			children = (
				DBA0E6C52B837F53003CF733 /* Resources */,
				DBA0E6C32B837F0F003CF733 /* Sources */,
			);
			path = RacingGame;
			sourceTree = "<group>";
		};
		DBA0E6C32B837F0F003CF733 /* Sources */ = {
			isa = PBXGroup;
			children = (
				DBA0E6C42B837F1C003CF733 /* App */,
				DBC1A64B2B83DE4100B75E3C /* Base */,
				DBC1A6682B84C49200B75E3C /* Extensions */,
				DBC1A6492B83D6FD00B75E3C /* Constants */,
				DB320F5C2B98ACFF00FF7237 /* Services */,
				DBC1A6402B83AE1E00B75E3C /* Scenes */,
			);
			path = Sources;
			sourceTree = "<group>";
		};
		DBA0E6C42B837F1C003CF733 /* App */ = {
			isa = PBXGroup;
			children = (
				DBA0E6AF2B8377EA003CF733 /* AppDelegate.swift */,
				DBA0E6B12B8377EA003CF733 /* SceneDelegate.swift */,
			);
			path = App;
			sourceTree = "<group>";
		};
		DBA0E6C52B837F53003CF733 /* Resources */ = {
			isa = PBXGroup;
			children = (
				DBA0E6B82B8377EB003CF733 /* Assets.xcassets */,
				DBA0E6BA2B8377EB003CF733 /* LaunchScreen.storyboard */,
				DBA0E6BD2B8377EB003CF733 /* Info.plist */,
			);
			path = Resources;
			sourceTree = "<group>";
		};
		DBA3650F2B9F3970004B9AF0 /* CutsomSettingsObjects */ = {
			isa = PBXGroup;
			children = (
				DBD15D422BA397C700D89CEA /* BaseGameModel.swift */,
				DBD15D3B2BA38EB900D89CEA /* Settings.swift */,
			);
			path = CutsomSettingsObjects;
			sourceTree = "<group>";
		};
		DBC1A6402B83AE1E00B75E3C /* Scenes */ = {
			isa = PBXGroup;
			children = (
				DBC1A6652B84BFE000B75E3C /* GameplayScene */,
				DBC1A6442B83B44500B75E3C /* LaunchScene */,
				DBCE8D852B8D131300F19D3D /* RecordScene */,
				DBCE8D8A2B8D233400F19D3D /* SettingsScene */,
				DBC1A6412B83AE3900B75E3C /* StartScene */,
			);
			path = Scenes;
			sourceTree = "<group>";
		};
		DBC1A6412B83AE3900B75E3C /* StartScene */ = {
			isa = PBXGroup;
			children = (
				DBF3C6ED2BA866B400FDCAEE /* CustomViews */,
				DBC1A6422B83B31D00B75E3C /* StartViewController.swift */,
				DBF3C6E92BA8669900FDCAEE /* StartPresenter.swift */,
				DBF3C6EB2BA866AC00FDCAEE /* StartAssembly.swift */,
			);
			path = StartScene;
			sourceTree = "<group>";
		};
		DBC1A6442B83B44500B75E3C /* LaunchScene */ = {
			isa = PBXGroup;
			children = (
				DBA0E6B32B8377EA003CF733 /* LaunchScreenController.swift */,
			);
			path = LaunchScene;
			sourceTree = "<group>";
		};
		DBC1A6492B83D6FD00B75E3C /* Constants */ = {
			isa = PBXGroup;
			children = (
				DBC1A64C2B83E02700B75E3C /* Constant.swift */,
			);
			path = Constants;
			sourceTree = "<group>";
		};
		DBC1A64B2B83DE4100B75E3C /* Base */ = {
			isa = PBXGroup;
			children = (
				DBC1A65F2B83EE4900B75E3C /* Formula1-Regular.otf */,
				DBA365102B9F398F004B9AF0 /* UserSetting.swift */,
				DBC1A66B2B84CBA000B75E3C /* GameSceneButton.swift */,
			);
			path = Base;
			sourceTree = "<group>";
		};
		DBC1A6652B84BFE000B75E3C /* GameplayScene */ = {
			isa = PBXGroup;
			children = (
				DBD15D3D2BA393BF00D89CEA /* CustomGameplayObjects */,
				DBC1A6662B84C01600B75E3C /* GameplayViewController.swift */,
				DBF3C6DB2BA733FF00FDCAEE /* GameplayPresenter.swift */,
				DBF3C6DD2BA7342D00FDCAEE /* GameplayAssembly.swift */,
			);
			path = GameplayScene;
			sourceTree = "<group>";
		};
		DBC1A6682B84C49200B75E3C /* Extensions */ = {
			isa = PBXGroup;
			children = (
				DBC1A6692B84C4D300B75E3C /* Extension+UIView.swift */,
				DBF3C7052BA9978B00FDCAEE /* Extansion+Array.swift */,
			);
			path = Extensions;
			sourceTree = "<group>";
		};
		DBCE8D852B8D131300F19D3D /* RecordScene */ = {
			isa = PBXGroup;
			children = (
				DBF3C6E82BA857D100FDCAEE /* Cells */,
				DBCE8D862B8D133600F19D3D /* RecordController.swift */,
				DBF3C6DF2BA77CE600FDCAEE /* RecordPresenter.swift */,
				DBF3C6E12BA77CF500FDCAEE /* RecordAssembly.swift */,
			);
			path = RecordScene;
			sourceTree = "<group>";
		};
		DBCE8D8A2B8D233400F19D3D /* SettingsScene */ = {
			isa = PBXGroup;
			children = (
				DBA3650F2B9F3970004B9AF0 /* CutsomSettingsObjects */,
				DBF3C6E72BA8578100FDCAEE /* CustomView */,
				DB5554222B8FA0080017DA7F /* SettingModel.swift */,
				DBCE8D8B2B8D238500F19D3D /* SettingViewController.swift */,
				DBCE8D8D2B8DF6A500F19D3D /* SettingPresenter.swift */,
				DB5554242B8FAA790017DA7F /* SettingAssembly.swift */,
			);
			path = SettingsScene;
			sourceTree = "<group>";
		};
		DBD15D3D2BA393BF00D89CEA /* CustomGameplayObjects */ = {
			isa = PBXGroup;
			children = (
				DBD15D3E2BA3940900D89CEA /* TimerCustom.swift */,
				DBD15D402BA394BE00D89CEA /* GameplayCustom.swift */,
			);
			path = CustomGameplayObjects;
			sourceTree = "<group>";
		};
		DBF3C6E72BA8578100FDCAEE /* CustomView */ = {
			isa = PBXGroup;
			children = (
				DBA3650D2B9E0C39004B9AF0 /* SettingSelectView.swift */,
			);
			path = CustomView;
			sourceTree = "<group>";
		};
		DBF3C6E82BA857D100FDCAEE /* Cells */ = {
			isa = PBXGroup;
			children = (
				DBCE8D882B8D15A800F19D3D /* RecordCell.swift */,
			);
			path = Cells;
			sourceTree = "<group>";
		};
		DBF3C6ED2BA866B400FDCAEE /* CustomViews */ = {
			isa = PBXGroup;
			children = (
				DBC1A6472B83C7C000B75E3C /* StartSceneButton.swift */,
			);
			path = CustomViews;
			sourceTree = "<group>";
		};
		EAC39E971F298FBC8A5E60FB /* Pods */ = {
			isa = PBXGroup;
			children = (
				67A375B4637D174F06052B33 /* Pods-RacingGame.debug.xcconfig */,
				0049525BA2BC5B136DFB45AB /* Pods-RacingGame.release.xcconfig */,
			);
			path = Pods;
			sourceTree = "<group>";
		};
/* End PBXGroup section */

/* Begin PBXNativeTarget section */
		DBA0E6AB2B8377EA003CF733 /* RacingGame */ = {
			isa = PBXNativeTarget;
			buildConfigurationList = DBA0E6C02B8377EB003CF733 /* Build configuration list for PBXNativeTarget "RacingGame" */;
			buildPhases = (
				45E4FF71A63DB29900118498 /* [CP] Check Pods Manifest.lock */,
				DBA0E6A82B8377EA003CF733 /* Sources */,
				DBA0E6A92B8377EA003CF733 /* Frameworks */,
				DBA0E6AA2B8377EA003CF733 /* Resources */,
				117AD41E248D440FD9E4B969 /* [CP] Embed Pods Frameworks */,
			);
			buildRules = (
			);
			dependencies = (
			);
			name = RacingGame;
			productName = RacingGame;
			productReference = DBA0E6AC2B8377EA003CF733 /* RacingGame.app */;
			productType = "com.apple.product-type.application";
		};
/* End PBXNativeTarget section */

/* Begin PBXProject section */
		DBA0E6A42B8377EA003CF733 /* Project object */ = {
			isa = PBXProject;
			attributes = {
				BuildIndependentTargetsInParallel = 1;
				LastSwiftUpdateCheck = 1500;
				LastUpgradeCheck = 1500;
				TargetAttributes = {
					DBA0E6AB2B8377EA003CF733 = {
						CreatedOnToolsVersion = 15.0;
					};
				};
			};
			buildConfigurationList = DBA0E6A72B8377EA003CF733 /* Build configuration list for PBXProject "RacingGame" */;
			compatibilityVersion = "Xcode 14.0";
			developmentRegion = en;
			hasScannedForEncodings = 0;
			knownRegions = (
				en,
				Base,
			);
			mainGroup = DBA0E6A32B8377EA003CF733;
			productRefGroup = DBA0E6AD2B8377EA003CF733 /* Products */;
			projectDirPath = "";
			projectRoot = "";
			targets = (
				DBA0E6AB2B8377EA003CF733 /* RacingGame */,
			);
		};
/* End PBXProject section */

/* Begin PBXResourcesBuildPhase section */
		DBA0E6AA2B8377EA003CF733 /* Resources */ = {
			isa = PBXResourcesBuildPhase;
			buildActionMask = 2147483647;
			files = (
				DBA0E6BC2B8377EB003CF733 /* LaunchScreen.storyboard in Resources */,
				DBC1A6602B83EE4A00B75E3C /* Formula1-Regular.otf in Resources */,
				DBA0E6B92B8377EB003CF733 /* Assets.xcassets in Resources */,
			);
			runOnlyForDeploymentPostprocessing = 0;
		};
/* End PBXResourcesBuildPhase section */

/* Begin PBXShellScriptBuildPhase section */
		117AD41E248D440FD9E4B969 /* [CP] Embed Pods Frameworks */ = {
			isa = PBXShellScriptBuildPhase;
			buildActionMask = 2147483647;
			files = (
			);
			inputFileListPaths = (
				"${PODS_ROOT}/Target Support Files/Pods-RacingGame/Pods-RacingGame-frameworks-${CONFIGURATION}-input-files.xcfilelist",
			);
			name = "[CP] Embed Pods Frameworks";
			outputFileListPaths = (
				"${PODS_ROOT}/Target Support Files/Pods-RacingGame/Pods-RacingGame-frameworks-${CONFIGURATION}-output-files.xcfilelist",
			);
			runOnlyForDeploymentPostprocessing = 0;
			shellPath = /bin/sh;
			shellScript = "\"${PODS_ROOT}/Target Support Files/Pods-RacingGame/Pods-RacingGame-frameworks.sh\"\n";
			showEnvVarsInLog = 0;
		};
		45E4FF71A63DB29900118498 /* [CP] Check Pods Manifest.lock */ = {
			isa = PBXShellScriptBuildPhase;
			buildActionMask = 2147483647;
			files = (
			);
			inputFileListPaths = (
			);
			inputPaths = (
				"${PODS_PODFILE_DIR_PATH}/Podfile.lock",
				"${PODS_ROOT}/Manifest.lock",
			);
			name = "[CP] Check Pods Manifest.lock";
			outputFileListPaths = (
			);
			outputPaths = (
				"$(DERIVED_FILE_DIR)/Pods-RacingGame-checkManifestLockResult.txt",
			);
			runOnlyForDeploymentPostprocessing = 0;
			shellPath = /bin/sh;
			shellScript = "diff \"${PODS_PODFILE_DIR_PATH}/Podfile.lock\" \"${PODS_ROOT}/Manifest.lock\" > /dev/null\nif [ $? != 0 ] ; then\n    # print error to STDERR\n    echo \"error: The sandbox is not in sync with the Podfile.lock. Run 'pod install' or update your CocoaPods installation.\" >&2\n    exit 1\nfi\n# This output is used by Xcode 'outputs' to avoid re-running this script phase.\necho \"SUCCESS\" > \"${SCRIPT_OUTPUT_FILE_0}\"\n";
			showEnvVarsInLog = 0;
		};
/* End PBXShellScriptBuildPhase section */

/* Begin PBXSourcesBuildPhase section */
		DBA0E6A82B8377EA003CF733 /* Sources */ = {
			isa = PBXSourcesBuildPhase;
			buildActionMask = 2147483647;
			files = (
				DBC1A64D2B83E02700B75E3C /* Constant.swift in Sources */,
				DBC1A6672B84C01600B75E3C /* GameplayViewController.swift in Sources */,
				DBF3C6EA2BA8669900FDCAEE /* StartPresenter.swift in Sources */,
				DBF3C6DC2BA733FF00FDCAEE /* GameplayPresenter.swift in Sources */,
				DBC1A6432B83B31D00B75E3C /* StartViewController.swift in Sources */,
				DBA0E6B42B8377EA003CF733 /* LaunchScreenController.swift in Sources */,
				DBC1A6482B83C7C000B75E3C /* StartSceneButton.swift in Sources */,
				DBF3C6E22BA77CF500FDCAEE /* RecordAssembly.swift in Sources */,
				DB5554252B8FAA790017DA7F /* SettingAssembly.swift in Sources */,
				DBC1A66C2B84CBA000B75E3C /* GameSceneButton.swift in Sources */,
				DBA0E6B02B8377EA003CF733 /* AppDelegate.swift in Sources */,
				DBD15D3F2BA3940900D89CEA /* TimerCustom.swift in Sources */,
				DBCE8D8E2B8DF6A500F19D3D /* SettingPresenter.swift in Sources */,
				DB320F5E2B98AD5400FF7237 /* LocalStorage.swift in Sources */,
				DBCE8D872B8D133600F19D3D /* RecordController.swift in Sources */,
				DBD15D432BA397C700D89CEA /* BaseGameModel.swift in Sources */,
				DBA0E6B22B8377EA003CF733 /* SceneDelegate.swift in Sources */,
				DBF3C7062BA9978B00FDCAEE /* Extansion+Array.swift in Sources */,
				DBD15D412BA394BE00D89CEA /* GameplayCustom.swift in Sources */,
				DBF3C6DE2BA7342D00FDCAEE /* GameplayAssembly.swift in Sources */,
				DBF3C6EC2BA866AC00FDCAEE /* StartAssembly.swift in Sources */,
				DBF3C6E02BA77CE600FDCAEE /* RecordPresenter.swift in Sources */,
				DB5554232B8FA0080017DA7F /* SettingModel.swift in Sources */,
				DBA3650E2B9E0C39004B9AF0 /* SettingSelectView.swift in Sources */,
				DBA365112B9F398F004B9AF0 /* UserSetting.swift in Sources */,
				DBCE8D892B8D15A800F19D3D /* RecordCell.swift in Sources */,
				DB0A169A2B9C650300562364 /* ImageStorage.swift in Sources */,
				DBD15D3C2BA38EB900D89CEA /* Settings.swift in Sources */,
				DBCE8D8C2B8D238500F19D3D /* SettingViewController.swift in Sources */,
				DBC1A66A2B84C4D300B75E3C /* Extension+UIView.swift in Sources */,
			);
			runOnlyForDeploymentPostprocessing = 0;
		};
/* End PBXSourcesBuildPhase section */

/* Begin PBXVariantGroup section */
		DBA0E6BA2B8377EB003CF733 /* LaunchScreen.storyboard */ = {
			isa = PBXVariantGroup;
			children = (
				DBA0E6BB2B8377EB003CF733 /* Base */,
			);
			name = LaunchScreen.storyboard;
			sourceTree = "<group>";
		};
/* End PBXVariantGroup section */

/* Begin XCBuildConfiguration section */
		DBA0E6BE2B8377EB003CF733 /* Debug */ = {
			isa = XCBuildConfiguration;
			buildSettings = {
				ALWAYS_SEARCH_USER_PATHS = NO;
				ASSETCATALOG_COMPILER_GENERATE_SWIFT_ASSET_SYMBOL_EXTENSIONS = YES;
				CLANG_ANALYZER_NONNULL = YES;
				CLANG_ANALYZER_NUMBER_OBJECT_CONVERSION = YES_AGGRESSIVE;
				CLANG_CXX_LANGUAGE_STANDARD = "gnu++20";
				CLANG_ENABLE_MODULES = YES;
				CLANG_ENABLE_OBJC_ARC = YES;
				CLANG_ENABLE_OBJC_WEAK = YES;
				CLANG_WARN_BLOCK_CAPTURE_AUTORELEASING = YES;
				CLANG_WARN_BOOL_CONVERSION = YES;
				CLANG_WARN_COMMA = YES;
				CLANG_WARN_CONSTANT_CONVERSION = YES;
				CLANG_WARN_DEPRECATED_OBJC_IMPLEMENTATIONS = YES;
				CLANG_WARN_DIRECT_OBJC_ISA_USAGE = YES_ERROR;
				CLANG_WARN_DOCUMENTATION_COMMENTS = YES;
				CLANG_WARN_EMPTY_BODY = YES;
				CLANG_WARN_ENUM_CONVERSION = YES;
				CLANG_WARN_INFINITE_RECURSION = YES;
				CLANG_WARN_INT_CONVERSION = YES;
				CLANG_WARN_NON_LITERAL_NULL_CONVERSION = YES;
				CLANG_WARN_OBJC_IMPLICIT_RETAIN_SELF = YES;
				CLANG_WARN_OBJC_LITERAL_CONVERSION = YES;
				CLANG_WARN_OBJC_ROOT_CLASS = YES_ERROR;
				CLANG_WARN_QUOTED_INCLUDE_IN_FRAMEWORK_HEADER = YES;
				CLANG_WARN_RANGE_LOOP_ANALYSIS = YES;
				CLANG_WARN_STRICT_PROTOTYPES = YES;
				CLANG_WARN_SUSPICIOUS_MOVE = YES;
				CLANG_WARN_UNGUARDED_AVAILABILITY = YES_AGGRESSIVE;
				CLANG_WARN_UNREACHABLE_CODE = YES;
				CLANG_WARN__DUPLICATE_METHOD_MATCH = YES;
				COPY_PHASE_STRIP = NO;
				DEBUG_INFORMATION_FORMAT = dwarf;
				ENABLE_STRICT_OBJC_MSGSEND = YES;
				ENABLE_TESTABILITY = YES;
				ENABLE_USER_SCRIPT_SANDBOXING = NO;
				GCC_C_LANGUAGE_STANDARD = gnu17;
				GCC_DYNAMIC_NO_PIC = NO;
				GCC_NO_COMMON_BLOCKS = YES;
				GCC_OPTIMIZATION_LEVEL = 0;
				GCC_PREPROCESSOR_DEFINITIONS = (
					"DEBUG=1",
					"$(inherited)",
				);
				GCC_WARN_64_TO_32_BIT_CONVERSION = YES;
				GCC_WARN_ABOUT_RETURN_TYPE = YES_ERROR;
				GCC_WARN_UNDECLARED_SELECTOR = YES;
				GCC_WARN_UNINITIALIZED_AUTOS = YES_AGGRESSIVE;
				GCC_WARN_UNUSED_FUNCTION = YES;
				GCC_WARN_UNUSED_VARIABLE = YES;
				IPHONEOS_DEPLOYMENT_TARGET = 14.0;
				LOCALIZATION_PREFERS_STRING_CATALOGS = YES;
				MTL_ENABLE_DEBUG_INFO = INCLUDE_SOURCE;
				MTL_FAST_MATH = YES;
				ONLY_ACTIVE_ARCH = YES;
				SDKROOT = iphoneos;
				SWIFT_ACTIVE_COMPILATION_CONDITIONS = "DEBUG $(inherited)";
				SWIFT_OPTIMIZATION_LEVEL = "-Onone";
			};
			name = Debug;
		};
		DBA0E6BF2B8377EB003CF733 /* Release */ = {
			isa = XCBuildConfiguration;
			buildSettings = {
				ALWAYS_SEARCH_USER_PATHS = NO;
				ASSETCATALOG_COMPILER_GENERATE_SWIFT_ASSET_SYMBOL_EXTENSIONS = YES;
				CLANG_ANALYZER_NONNULL = YES;
				CLANG_ANALYZER_NUMBER_OBJECT_CONVERSION = YES_AGGRESSIVE;
				CLANG_CXX_LANGUAGE_STANDARD = "gnu++20";
				CLANG_ENABLE_MODULES = YES;
				CLANG_ENABLE_OBJC_ARC = YES;
				CLANG_ENABLE_OBJC_WEAK = YES;
				CLANG_WARN_BLOCK_CAPTURE_AUTORELEASING = YES;
				CLANG_WARN_BOOL_CONVERSION = YES;
				CLANG_WARN_COMMA = YES;
				CLANG_WARN_CONSTANT_CONVERSION = YES;
				CLANG_WARN_DEPRECATED_OBJC_IMPLEMENTATIONS = YES;
				CLANG_WARN_DIRECT_OBJC_ISA_USAGE = YES_ERROR;
				CLANG_WARN_DOCUMENTATION_COMMENTS = YES;
				CLANG_WARN_EMPTY_BODY = YES;
				CLANG_WARN_ENUM_CONVERSION = YES;
				CLANG_WARN_INFINITE_RECURSION = YES;
				CLANG_WARN_INT_CONVERSION = YES;
				CLANG_WARN_NON_LITERAL_NULL_CONVERSION = YES;
				CLANG_WARN_OBJC_IMPLICIT_RETAIN_SELF = YES;
				CLANG_WARN_OBJC_LITERAL_CONVERSION = YES;
				CLANG_WARN_OBJC_ROOT_CLASS = YES_ERROR;
				CLANG_WARN_QUOTED_INCLUDE_IN_FRAMEWORK_HEADER = YES;
				CLANG_WARN_RANGE_LOOP_ANALYSIS = YES;
				CLANG_WARN_STRICT_PROTOTYPES = YES;
				CLANG_WARN_SUSPICIOUS_MOVE = YES;
				CLANG_WARN_UNGUARDED_AVAILABILITY = YES_AGGRESSIVE;
				CLANG_WARN_UNREACHABLE_CODE = YES;
				CLANG_WARN__DUPLICATE_METHOD_MATCH = YES;
				COPY_PHASE_STRIP = NO;
				DEBUG_INFORMATION_FORMAT = "dwarf-with-dsym";
				ENABLE_NS_ASSERTIONS = NO;
				ENABLE_STRICT_OBJC_MSGSEND = YES;
				ENABLE_USER_SCRIPT_SANDBOXING = NO;
				GCC_C_LANGUAGE_STANDARD = gnu17;
				GCC_NO_COMMON_BLOCKS = YES;
				GCC_WARN_64_TO_32_BIT_CONVERSION = YES;
				GCC_WARN_ABOUT_RETURN_TYPE = YES_ERROR;
				GCC_WARN_UNDECLARED_SELECTOR = YES;
				GCC_WARN_UNINITIALIZED_AUTOS = YES_AGGRESSIVE;
				GCC_WARN_UNUSED_FUNCTION = YES;
				GCC_WARN_UNUSED_VARIABLE = YES;
				IPHONEOS_DEPLOYMENT_TARGET = 14.0;
				LOCALIZATION_PREFERS_STRING_CATALOGS = YES;
				MTL_ENABLE_DEBUG_INFO = NO;
				MTL_FAST_MATH = YES;
				SDKROOT = iphoneos;
				SWIFT_COMPILATION_MODE = wholemodule;
				VALIDATE_PRODUCT = YES;
			};
			name = Release;
		};
		DBA0E6C12B8377EB003CF733 /* Debug */ = {
			isa = XCBuildConfiguration;
			baseConfigurationReference = 67A375B4637D174F06052B33 /* Pods-RacingGame.debug.xcconfig */;
			buildSettings = {
				ASSETCATALOG_COMPILER_APPICON_NAME = AppIcon;
				ASSETCATALOG_COMPILER_GLOBAL_ACCENT_COLOR_NAME = AccentColor;
				CODE_SIGN_STYLE = Automatic;
				CURRENT_PROJECT_VERSION = 1;
				DEVELOPMENT_TEAM = YC77Y2RPN5;
				GENERATE_INFOPLIST_FILE = YES;
				INFOPLIST_FILE = RacingGame/Resources/Info.plist;
				INFOPLIST_KEY_UIApplicationSupportsIndirectInputEvents = YES;
				INFOPLIST_KEY_UILaunchStoryboardName = LaunchScreen;
				INFOPLIST_KEY_UISupportedInterfaceOrientations_iPad = "UIInterfaceOrientationPortrait UIInterfaceOrientationPortraitUpsideDown UIInterfaceOrientationLandscapeLeft UIInterfaceOrientationLandscapeRight";
				INFOPLIST_KEY_UISupportedInterfaceOrientations_iPhone = "UIInterfaceOrientationPortrait UIInterfaceOrientationLandscapeLeft UIInterfaceOrientationLandscapeRight";
				IPHONEOS_DEPLOYMENT_TARGET = 14.0;
				LD_RUNPATH_SEARCH_PATHS = (
					"$(inherited)",
					"@executable_path/Frameworks",
				);
				MARKETING_VERSION = 1.0;
				PRODUCT_BUNDLE_IDENTIFIER = igor.RacingGame;
				PRODUCT_NAME = "$(TARGET_NAME)";
				SWIFT_EMIT_LOC_STRINGS = YES;
				SWIFT_VERSION = 5.0;
				TARGETED_DEVICE_FAMILY = "1,2";
			};
			name = Debug;
		};
		DBA0E6C22B8377EB003CF733 /* Release */ = {
			isa = XCBuildConfiguration;
			baseConfigurationReference = 0049525BA2BC5B136DFB45AB /* Pods-RacingGame.release.xcconfig */;
			buildSettings = {
				ASSETCATALOG_COMPILER_APPICON_NAME = AppIcon;
				ASSETCATALOG_COMPILER_GLOBAL_ACCENT_COLOR_NAME = AccentColor;
				CODE_SIGN_STYLE = Automatic;
				CURRENT_PROJECT_VERSION = 1;
				DEVELOPMENT_TEAM = YC77Y2RPN5;
				GENERATE_INFOPLIST_FILE = YES;
				INFOPLIST_FILE = RacingGame/Resources/Info.plist;
				INFOPLIST_KEY_UIApplicationSupportsIndirectInputEvents = YES;
				INFOPLIST_KEY_UILaunchStoryboardName = LaunchScreen;
				INFOPLIST_KEY_UISupportedInterfaceOrientations_iPad = "UIInterfaceOrientationPortrait UIInterfaceOrientationPortraitUpsideDown UIInterfaceOrientationLandscapeLeft UIInterfaceOrientationLandscapeRight";
				INFOPLIST_KEY_UISupportedInterfaceOrientations_iPhone = "UIInterfaceOrientationPortrait UIInterfaceOrientationLandscapeLeft UIInterfaceOrientationLandscapeRight";
				IPHONEOS_DEPLOYMENT_TARGET = 14.0;
				LD_RUNPATH_SEARCH_PATHS = (
					"$(inherited)",
					"@executable_path/Frameworks",
				);
				MARKETING_VERSION = 1.0;
				PRODUCT_BUNDLE_IDENTIFIER = igor.RacingGame;
				PRODUCT_NAME = "$(TARGET_NAME)";
				SWIFT_EMIT_LOC_STRINGS = YES;
				SWIFT_VERSION = 5.0;
				TARGETED_DEVICE_FAMILY = "1,2";
			};
			name = Release;
		};
/* End XCBuildConfiguration section */

/* Begin XCConfigurationList section */
		DBA0E6A72B8377EA003CF733 /* Build configuration list for PBXProject "RacingGame" */ = {
			isa = XCConfigurationList;
			buildConfigurations = (
				DBA0E6BE2B8377EB003CF733 /* Debug */,
				DBA0E6BF2B8377EB003CF733 /* Release */,
			);
			defaultConfigurationIsVisible = 0;
			defaultConfigurationName = Release;
		};
		DBA0E6C02B8377EB003CF733 /* Build configuration list for PBXNativeTarget "RacingGame" */ = {
			isa = XCConfigurationList;
			buildConfigurations = (
				DBA0E6C12B8377EB003CF733 /* Debug */,
				DBA0E6C22B8377EB003CF733 /* Release */,
			);
			defaultConfigurationIsVisible = 0;
			defaultConfigurationName = Release;
		};
/* End XCConfigurationList section */
	};
	rootObject = DBA0E6A42B8377EA003CF733 /* Project object */;
}
